
Microsoft Visual Studio Solution File, Format Version 12.00
# Visual Studio Version 16
VisualStudioVersion = 16.0.31321.278
MinimumVisualStudioVersion = 10.0.40219.1
Project("{FAE04EC0-301F-11D3-BF4B-00C04F79EFBC}") = "WebSocialNetwork2", "WebSocialNetwork2\WebSocialNetwork2.csproj", "{1E4C7F5E-715D-42E1-97E5-71DD27C9CA03}"
EndProject
Global
	GlobalSection(SolutionConfigurationPlatforms) = preSolution
		Debug|Any CPU = Debug|Any CPU
		Release|Any CPU = Release|Any CPU
	EndGlobalSection
	GlobalSection(ProjectConfigurationPlatforms) = postSolution
		{1E4C7F5E-715D-42E1-97E5-71DD27C9CA03}.Debug|Any CPU.ActiveCfg = Debug|Any CPU
		{1E4C7F5E-715D-42E1-97E5-71DD27C9CA03}.Debug|Any CPU.Build.0 = Debug|Any CPU
		{1E4C7F5E-715D-42E1-97E5-71DD27C9CA03}.Release|Any CPU.ActiveCfg = Release|Any CPU
		{1E4C7F5E-715D-42E1-97E5-71DD27C9CA03}.Release|Any CPU.Build.0 = Release|Any CPU
	EndGlobalSection
	GlobalSection(SolutionProperties) = preSolution
		HideSolutionNode = FALSE
	EndGlobalSection
	GlobalSection(ExtensibilityGlobals) = postSolution
		SolutionGuid = {8C67DDE2-00ED-494B-9DF6-DA931DF2C8BA}
	EndGlobalSection
EndGlobal
